# generated by rye
# use `rye lock` or `rye sync` to update this lockfile
#
# last locked with the following flags:
#   pre: false
#   features: []
#   all-features: false
#   with-sources: false
#   generate-hashes: false

-e file:.
numpy==2.0.1
    # via autodeepcase
pyknp==0.6.1
    # via autodeepcase
setuptools==72.2.0
    # via autodeepcase
six==1.16.0
    # via pyknp
tqdm==4.67.0
    # via autodeepcase
